
Microsoft Visual Studio Solution File, Format Version 12.00
# Visual Studio Version 17
VisualStudioVersion = 17.0.31903.59
MinimumVisualStudioVersion = 10.0.40219.1
Project("{2150E333-8FDC-42A3-9474-1A3956D46DE8}") = "src", "src", "{827E0CD3-B72D-47B6-A68D-7590B98EB39B}"
EndProject
Project("{FAE04EC0-301F-11D3-BF4B-00C04F79EFBC}") = "OpenPortalKit.AdminHost", "src\OpenPortalKit.AdminHost\OpenPortalKit.AdminHost.csproj", "{26484641-1353-4549-BBED-AAD3F794BB7C}"
EndProject
Project("{FAE04EC0-301F-11D3-BF4B-00C04F79EFBC}") = "OpenPortalKit.ApiHost", "src\OpenPortalKit.ApiHost\OpenPortalKit.ApiHost.csproj", "{6D5E85AD-BEC6-4848-86FA-0512B2F1DEA8}"
EndProject
Project("{FAE04EC0-301F-11D3-BF4B-00C04F79EFBC}") = "OpenPortalKit.AppHost", "src\OpenPortalKit.AppHost\OpenPortalKit.AppHost.csproj", "{E2C2BFD4-CA9D-44B8-89AB-35F1C9FB532B}"
EndProject
Project("{FAE04EC0-301F-11D3-BF4B-00C04F79EFBC}") = "OpenPortalKit.JobHost", "src\OpenPortalKit.JobHost\OpenPortalKit.JobHost.csproj", "{41915CA7-8D5C-4F43-81D8-51F2E1CD7412}"
EndProject
Project("{FAE04EC0-301F-11D3-BF4B-00C04F79EFBC}") = "OpenPortalKit.Kernel", "src\OpenPortalKit.Kernel\OpenPortalKit.Kernel.csproj", "{B19ED3D2-BA64-4050-A3F4-E391E82360AA}"
EndProject
Project("{FAE04EC0-301F-11D3-BF4B-00C04F79EFBC}") = "OpenPortalKit.Modules.AgentAccess", "src\OpenPortalKit.Modules.AgentAccess\OpenPortalKit.Modules.AgentAccess.csproj", "{E9BB9DFA-7861-412D-A755-C23514386F0C}"
EndProject
Project("{FAE04EC0-301F-11D3-BF4B-00C04F79EFBC}") = "OpenPortalKit.Modules.Assets", "src\OpenPortalKit.Modules.Assets\OpenPortalKit.Modules.Assets.csproj", "{54B8A29A-29CC-4FF0-B135-A05D244F62FE}"
EndProject
Project("{FAE04EC0-301F-11D3-BF4B-00C04F79EFBC}") = "OpenPortalKit.Modules.Audit", "src\OpenPortalKit.Modules.Audit\OpenPortalKit.Modules.Audit.csproj", "{6DA39C5A-5F8F-44E3-AD00-06F902EAEB52}"
EndProject
Project("{FAE04EC0-301F-11D3-BF4B-00C04F79EFBC}") = "OpenPortalKit.Modules.Content", "src\OpenPortalKit.Modules.Content\OpenPortalKit.Modules.Content.csproj", "{DE28FE05-DE63-49E1-8999-F83A1425E346}"
EndProject
Project("{FAE04EC0-301F-11D3-BF4B-00C04F79EFBC}") = "OpenPortalKit.Modules.Dashboard", "src\OpenPortalKit.Modules.Dashboard\OpenPortalKit.Modules.Dashboard.csproj", "{160CFE0E-D1F2-4D3F-B04D-B70EC75824FE}"
EndProject
Project("{FAE04EC0-301F-11D3-BF4B-00C04F79EFBC}") = "OpenPortalKit.Modules.Data", "src\OpenPortalKit.Modules.Data\OpenPortalKit.Modules.Data.csproj", "{2D48D725-96E8-43BC-8181-3C3BEF337DE7}"
EndProject
Project("{FAE04EC0-301F-11D3-BF4B-00C04F79EFBC}") = "OpenPortalKit.Modules.Identity", "src\OpenPortalKit.Modules.Identity\OpenPortalKit.Modules.Identity.csproj", "{D455EB87-D4D8-4A2D-A7B9-8E9B9D785494}"
EndProject
Project("{FAE04EC0-301F-11D3-BF4B-00C04F79EFBC}") = "OpenPortalKit.Modules.Jobs", "src\OpenPortalKit.Modules.Jobs\OpenPortalKit.Modules.Jobs.csproj", "{75F97713-BD1E-443F-8391-62D0916AEBF3}"
EndProject
Project("{FAE04EC0-301F-11D3-BF4B-00C04F79EFBC}") = "OpenPortalKit.Modules.Search", "src\OpenPortalKit.Modules.Search\OpenPortalKit.Modules.Search.csproj", "{42D2180B-47C2-4BD8-AAA2-E328DC9CFE41}"
EndProject
Project("{FAE04EC0-301F-11D3-BF4B-00C04F79EFBC}") = "OpenPortalKit.Modules.Seo", "src\OpenPortalKit.Modules.Seo\OpenPortalKit.Modules.Seo.csproj", "{2513D214-7054-45DA-8E84-CFB6067F721B}"
EndProject
Project("{FAE04EC0-301F-11D3-BF4B-00C04F79EFBC}") = "OpenPortalKit.Modules.Workflow", "src\OpenPortalKit.Modules.Workflow\OpenPortalKit.Modules.Workflow.csproj", "{EFB3679C-05D6-4B21-8856-34C1FF2E06F5}"
EndProject
Project("{2150E333-8FDC-42A3-9474-1A3956D46DE8}") = "tests", "tests", "{3F0DE870-D9C8-48B2-99B3-0C6523901E16}"
EndProject
Project("{FAE04EC0-301F-11D3-BF4B-00C04F79EFBC}") = "OpenPortalKit.Kernel.Tests", "tests\OpenPortalKit.Kernel.Tests\OpenPortalKit.Kernel.Tests.csproj", "{551F504F-91C6-43B7-A2F5-B63F3899B4BF}"
EndProject
Project("{FAE04EC0-301F-11D3-BF4B-00C04F79EFBC}") = "OpenPortalKit.Modules.Content.Tests", "tests\OpenPortalKit.Modules.Content.Tests\OpenPortalKit.Modules.Content.Tests.csproj", "{AA759F20-4BD2-4B93-9B76-D1141483A470}"
EndProject
Project("{FAE04EC0-301F-11D3-BF4B-00C04F79EFBC}") = "OpenPortalKit.Modules.Seo.Tests", "tests\OpenPortalKit.Modules.Seo.Tests\OpenPortalKit.Modules.Seo.Tests.csproj", "{89E54390-F0FB-4746-B987-DE7D41D4B7D4}"
EndProject
Project("{FAE04EC0-301F-11D3-BF4B-00C04F79EFBC}") = "OpenPortalKit.Modules.Workflow.Tests", "tests\OpenPortalKit.Modules.Workflow.Tests\OpenPortalKit.Modules.Workflow.Tests.csproj", "{202D438A-8B21-425B-A85B-370DCC3EDABB}"
EndProject
Project("{FAE04EC0-301F-11D3-BF4B-00C04F79EFBC}") = "OpenPortalKit.Modules.Data.Tests", "tests\OpenPortalKit.Modules.Data.Tests\OpenPortalKit.Modules.Data.Tests.csproj", "{01211F5D-8DB6-4366-A7BE-E9267F249410}"
EndProject
Project("{FAE04EC0-301F-11D3-BF4B-00C04F79EFBC}") = "OpenPortalKit.Modules.Search.Tests", "tests\OpenPortalKit.Modules.Search.Tests\OpenPortalKit.Modules.Search.Tests.csproj", "{4154F5D0-9ED5-4421-B500-98CC9ECAE036}"
EndProject
Project("{FAE04EC0-301F-11D3-BF4B-00C04F79EFBC}") = "OpenPortalKit.Modules.Dashboard.Tests", "tests\OpenPortalKit.Modules.Dashboard.Tests\OpenPortalKit.Modules.Dashboard.Tests.csproj", "{1B67BCBD-8423-4462-BA3E-FA5DADE2F28F}"
EndProject
Project("{FAE04EC0-301F-11D3-BF4B-00C04F79EFBC}") = "OpenPortalKit.Modules.AgentAccess.Tests", "tests\OpenPortalKit.Modules.AgentAccess.Tests\OpenPortalKit.Modules.AgentAccess.Tests.csproj", "{E272E46C-ACE4-447A-8594-C7F251ED4A6B}"
EndProject
Project("{FAE04EC0-301F-11D3-BF4B-00C04F79EFBC}") = "OpenPortalKit.Modules.IndustryPacks", "src\OpenPortalKit.Modules.IndustryPacks\OpenPortalKit.Modules.IndustryPacks.csproj", "{B223F0BA-E671-4A7C-ABFB-DD1D7C4E94AB}"
EndProject
Project("{FAE04EC0-301F-11D3-BF4B-00C04F79EFBC}") = "OpenPortalKit.Modules.IndustryPacks.Tests", "tests\OpenPortalKit.Modules.IndustryPacks.Tests\OpenPortalKit.Modules.IndustryPacks.Tests.csproj", "{9BF5F818-98EC-46A4-8755-E156F779DC65}"
EndProject
Project("{FAE04EC0-301F-11D3-BF4B-00C04F79EFBC}") = "OpenPortalKit.Infrastructure.Production", "src\OpenPortalKit.Infrastructure.Production\OpenPortalKit.Infrastructure.Production.csproj", "{42239163-F071-4D88-AC0F-145FF5DA518A}"
EndProject
Project("{FAE04EC0-301F-11D3-BF4B-00C04F79EFBC}") = "OpenPortalKit.Infrastructure.Production.Tests", "tests\OpenPortalKit.Infrastructure.Production.Tests\OpenPortalKit.Infrastructure.Production.Tests.csproj", "{61016497-A03D-4390-B18B-2B4F8CC058DE}"
EndProject
Project("{FAE04EC0-301F-11D3-BF4B-00C04F79EFBC}") = "OpenPortalKit.Modules.Identity.Tests", "tests\OpenPortalKit.Modules.Identity.Tests\OpenPortalKit.Modules.Identity.Tests.csproj", "{812FCC8E-A539-455E-ADB8-166DFCA870E0}"
EndProject
Global
	GlobalSection(SolutionConfigurationPlatforms) = preSolution
		Debug|Any CPU = Debug|Any CPU
		Debug|x64 = Debug|x64
		Debug|x86 = Debug|x86
		Release|Any CPU = Release|Any CPU
		Release|x64 = Release|x64
		Release|x86 = Release|x86
	EndGlobalSection
	GlobalSection(ProjectConfigurationPlatforms) = postSolution
		{26484641-1353-4549-BBED-AAD3F794BB7C}.Debug|Any CPU.ActiveCfg = Debug|Any CPU
		{26484641-1353-4549-BBED-AAD3F794BB7C}.Debug|Any CPU.Build.0 = Debug|Any CPU
		{26484641-1353-4549-BBED-AAD3F794BB7C}.Debug|x64.ActiveCfg = Debug|Any CPU
		{26484641-1353-4549-BBED-AAD3F794BB7C}.Debug|x64.Build.0 = Debug|Any CPU
		{26484641-1353-4549-BBED-AAD3F794BB7C}.Debug|x86.ActiveCfg = Debug|Any CPU
		{26484641-1353-4549-BBED-AAD3F794BB7C}.Debug|x86.Build.0 = Debug|Any CPU
		{26484641-1353-4549-BBED-AAD3F794BB7C}.Release|Any CPU.ActiveCfg = Release|Any CPU
		{26484641-1353-4549-BBED-AAD3F794BB7C}.Release|Any CPU.Build.0 = Release|Any CPU
		{26484641-1353-4549-BBED-AAD3F794BB7C}.Release|x64.ActiveCfg = Release|Any CPU
		{26484641-1353-4549-BBED-AAD3F794BB7C}.Release|x64.Build.0 = Release|Any CPU
		{26484641-1353-4549-BBED-AAD3F794BB7C}.Release|x86.ActiveCfg = Release|Any CPU
		{26484641-1353-4549-BBED-AAD3F794BB7C}.Release|x86.Build.0 = Release|Any CPU
		{6D5E85AD-BEC6-4848-86FA-0512B2F1DEA8}.Debug|Any CPU.ActiveCfg = Debug|Any CPU
		{6D5E85AD-BEC6-4848-86FA-0512B2F1DEA8}.Debug|Any CPU.Build.0 = Debug|Any CPU
		{6D5E85AD-BEC6-4848-86FA-0512B2F1DEA8}.Debug|x64.ActiveCfg = Debug|Any CPU
		{6D5E85AD-BEC6-4848-86FA-0512B2F1DEA8}.Debug|x64.Build.0 = Debug|Any CPU
		{6D5E85AD-BEC6-4848-86FA-0512B2F1DEA8}.Debug|x86.ActiveCfg = Debug|Any CPU
		{6D5E85AD-BEC6-4848-86FA-0512B2F1DEA8}.Debug|x86.Build.0 = Debug|Any CPU
		{6D5E85AD-BEC6-4848-86FA-0512B2F1DEA8}.Release|Any CPU.ActiveCfg = Release|Any CPU
		{6D5E85AD-BEC6-4848-86FA-0512B2F1DEA8}.Release|Any CPU.Build.0 = Release|Any CPU
		{6D5E85AD-BEC6-4848-86FA-0512B2F1DEA8}.Release|x64.ActiveCfg = Release|Any CPU
		{6D5E85AD-BEC6-4848-86FA-0512B2F1DEA8}.Release|x64.Build.0 = Release|Any CPU
		{6D5E85AD-BEC6-4848-86FA-0512B2F1DEA8}.Release|x86.ActiveCfg = Release|Any CPU
		{6D5E85AD-BEC6-4848-86FA-0512B2F1DEA8}.Release|x86.Build.0 = Release|Any CPU
		{E2C2BFD4-CA9D-44B8-89AB-35F1C9FB532B}.Debug|Any CPU.ActiveCfg = Debug|Any CPU
		{E2C2BFD4-CA9D-44B8-89AB-35F1C9FB532B}.Debug|Any CPU.Build.0 = Debug|Any CPU
		{E2C2BFD4-CA9D-44B8-89AB-35F1C9FB532B}.Debug|x64.ActiveCfg = Debug|Any CPU
		{E2C2BFD4-CA9D-44B8-89AB-35F1C9FB532B}.Debug|x64.Build.0 = Debug|Any CPU
		{E2C2BFD4-CA9D-44B8-89AB-35F1C9FB532B}.Debug|x86.ActiveCfg = Debug|Any CPU
		{E2C2BFD4-CA9D-44B8-89AB-35F1C9FB532B}.Debug|x86.Build.0 = Debug|Any CPU
		{E2C2BFD4-CA9D-44B8-89AB-35F1C9FB532B}.Release|Any CPU.ActiveCfg = Release|Any CPU
		{E2C2BFD4-CA9D-44B8-89AB-35F1C9FB532B}.Release|Any CPU.Build.0 = Release|Any CPU
		{E2C2BFD4-CA9D-44B8-89AB-35F1C9FB532B}.Release|x64.ActiveCfg = Release|Any CPU
		{E2C2BFD4-CA9D-44B8-89AB-35F1C9FB532B}.Release|x64.Build.0 = Release|Any CPU
		{E2C2BFD4-CA9D-44B8-89AB-35F1C9FB532B}.Release|x86.ActiveCfg = Release|Any CPU
		{E2C2BFD4-CA9D-44B8-89AB-35F1C9FB532B}.Release|x86.Build.0 = Release|Any CPU
		{41915CA7-8D5C-4F43-81D8-51F2E1CD7412}.Debug|Any CPU.ActiveCfg = Debug|Any CPU
		{41915CA7-8D5C-4F43-81D8-51F2E1CD7412}.Debug|Any CPU.Build.0 = Debug|Any CPU
		{41915CA7-8D5C-4F43-81D8-51F2E1CD7412}.Debug|x64.ActiveCfg = Debug|Any CPU
		{41915CA7-8D5C-4F43-81D8-51F2E1CD7412}.Debug|x64.Build.0 = Debug|Any CPU
		{41915CA7-8D5C-4F43-81D8-51F2E1CD7412}.Debug|x86.ActiveCfg = Debug|Any CPU
		{41915CA7-8D5C-4F43-81D8-51F2E1CD7412}.Debug|x86.Build.0 = Debug|Any CPU
		{41915CA7-8D5C-4F43-81D8-51F2E1CD7412}.Release|Any CPU.ActiveCfg = Release|Any CPU
		{41915CA7-8D5C-4F43-81D8-51F2E1CD7412}.Release|Any CPU.Build.0 = Release|Any CPU
		{41915CA7-8D5C-4F43-81D8-51F2E1CD7412}.Release|x64.ActiveCfg = Release|Any CPU
		{41915CA7-8D5C-4F43-81D8-51F2E1CD7412}.Release|x64.Build.0 = Release|Any CPU
		{41915CA7-8D5C-4F43-81D8-51F2E1CD7412}.Release|x86.ActiveCfg = Release|Any CPU
		{41915CA7-8D5C-4F43-81D8-51F2E1CD7412}.Release|x86.Build.0 = Release|Any CPU
		{B19ED3D2-BA64-4050-A3F4-E391E82360AA}.Debug|Any CPU.ActiveCfg = Debug|Any CPU
		{B19ED3D2-BA64-4050-A3F4-E391E82360AA}.Debug|Any CPU.Build.0 = Debug|Any CPU
		{B19ED3D2-BA64-4050-A3F4-E391E82360AA}.Debug|x64.ActiveCfg = Debug|Any CPU
		{B19ED3D2-BA64-4050-A3F4-E391E82360AA}.Debug|x64.Build.0 = Debug|Any CPU
		{B19ED3D2-BA64-4050-A3F4-E391E82360AA}.Debug|x86.ActiveCfg = Debug|Any CPU
		{B19ED3D2-BA64-4050-A3F4-E391E82360AA}.Debug|x86.Build.0 = Debug|Any CPU
		{B19ED3D2-BA64-4050-A3F4-E391E82360AA}.Release|Any CPU.ActiveCfg = Release|Any CPU
		{B19ED3D2-BA64-4050-A3F4-E391E82360AA}.Release|Any CPU.Build.0 = Release|Any CPU
		{B19ED3D2-BA64-4050-A3F4-E391E82360AA}.Release|x64.ActiveCfg = Release|Any CPU
		{B19ED3D2-BA64-4050-A3F4-E391E82360AA}.Release|x64.Build.0 = Release|Any CPU
		{B19ED3D2-BA64-4050-A3F4-E391E82360AA}.Release|x86.ActiveCfg = Release|Any CPU
		{B19ED3D2-BA64-4050-A3F4-E391E82360AA}.Release|x86.Build.0 = Release|Any CPU
		{E9BB9DFA-7861-412D-A755-C23514386F0C}.Debug|Any CPU.ActiveCfg = Debug|Any CPU
		{E9BB9DFA-7861-412D-A755-C23514386F0C}.Debug|Any CPU.Build.0 = Debug|Any CPU
		{E9BB9DFA-7861-412D-A755-C23514386F0C}.Debug|x64.ActiveCfg = Debug|Any CPU
		{E9BB9DFA-7861-412D-A755-C23514386F0C}.Debug|x64.Build.0 = Debug|Any CPU
		{E9BB9DFA-7861-412D-A755-C23514386F0C}.Debug|x86.ActiveCfg = Debug|Any CPU
		{E9BB9DFA-7861-412D-A755-C23514386F0C}.Debug|x86.Build.0 = Debug|Any CPU
		{E9BB9DFA-7861-412D-A755-C23514386F0C}.Release|Any CPU.ActiveCfg = Release|Any CPU
		{E9BB9DFA-7861-412D-A755-C23514386F0C}.Release|Any CPU.Build.0 = Release|Any CPU
		{E9BB9DFA-7861-412D-A755-C23514386F0C}.Release|x64.ActiveCfg = Release|Any CPU
		{E9BB9DFA-7861-412D-A755-C23514386F0C}.Release|x64.Build.0 = Release|Any CPU
		{E9BB9DFA-7861-412D-A755-C23514386F0C}.Release|x86.ActiveCfg = Release|Any CPU
		{E9BB9DFA-7861-412D-A755-C23514386F0C}.Release|x86.Build.0 = Release|Any CPU
		{54B8A29A-29CC-4FF0-B135-A05D244F62FE}.Debug|Any CPU.ActiveCfg = Debug|Any CPU
		{54B8A29A-29CC-4FF0-B135-A05D244F62FE}.Debug|Any CPU.Build.0 = Debug|Any CPU
		{54B8A29A-29CC-4FF0-B135-A05D244F62FE}.Debug|x64.ActiveCfg = Debug|Any CPU
		{54B8A29A-29CC-4FF0-B135-A05D244F62FE}.Debug|x64.Build.0 = Debug|Any CPU
		{54B8A29A-29CC-4FF0-B135-A05D244F62FE}.Debug|x86.ActiveCfg = Debug|Any CPU
		{54B8A29A-29CC-4FF0-B135-A05D244F62FE}.Debug|x86.Build.0 = Debug|Any CPU
		{54B8A29A-29CC-4FF0-B135-A05D244F62FE}.Release|Any CPU.ActiveCfg = Release|Any CPU
		{54B8A29A-29CC-4FF0-B135-A05D244F62FE}.Release|Any CPU.Build.0 = Release|Any CPU
		{54B8A29A-29CC-4FF0-B135-A05D244F62FE}.Release|x64.ActiveCfg = Release|Any CPU
		{54B8A29A-29CC-4FF0-B135-A05D244F62FE}.Release|x64.Build.0 = Release|Any CPU
		{54B8A29A-29CC-4FF0-B135-A05D244F62FE}.Release|x86.ActiveCfg = Release|Any CPU
		{54B8A29A-29CC-4FF0-B135-A05D244F62FE}.Release|x86.Build.0 = Release|Any CPU
		{6DA39C5A-5F8F-44E3-AD00-06F902EAEB52}.Debug|Any CPU.ActiveCfg = Debug|Any CPU
		{6DA39C5A-5F8F-44E3-AD00-06F902EAEB52}.Debug|Any CPU.Build.0 = Debug|Any CPU
		{6DA39C5A-5F8F-44E3-AD00-06F902EAEB52}.Debug|x64.ActiveCfg = Debug|Any CPU
		{6DA39C5A-5F8F-44E3-AD00-06F902EAEB52}.Debug|x64.Build.0 = Debug|Any CPU
		{6DA39C5A-5F8F-44E3-AD00-06F902EAEB52}.Debug|x86.ActiveCfg = Debug|Any CPU
		{6DA39C5A-5F8F-44E3-AD00-06F902EAEB52}.Debug|x86.Build.0 = Debug|Any CPU
		{6DA39C5A-5F8F-44E3-AD00-06F902EAEB52}.Release|Any CPU.ActiveCfg = Release|Any CPU
		{6DA39C5A-5F8F-44E3-AD00-06F902EAEB52}.Release|Any CPU.Build.0 = Release|Any CPU
		{6DA39C5A-5F8F-44E3-AD00-06F902EAEB52}.Release|x64.ActiveCfg = Release|Any CPU
		{6DA39C5A-5F8F-44E3-AD00-06F902EAEB52}.Release|x64.Build.0 = Release|Any CPU
		{6DA39C5A-5F8F-44E3-AD00-06F902EAEB52}.Release|x86.ActiveCfg = Release|Any CPU
		{6DA39C5A-5F8F-44E3-AD00-06F902EAEB52}.Release|x86.Build.0 = Release|Any CPU
		{DE28FE05-DE63-49E1-8999-F83A1425E346}.Debug|Any CPU.ActiveCfg = Debug|Any CPU
		{DE28FE05-DE63-49E1-8999-F83A1425E346}.Debug|Any CPU.Build.0 = Debug|Any CPU
		{DE28FE05-DE63-49E1-8999-F83A1425E346}.Debug|x64.ActiveCfg = Debug|Any CPU
		{DE28FE05-DE63-49E1-8999-F83A1425E346}.Debug|x64.Build.0 = Debug|Any CPU
		{DE28FE05-DE63-49E1-8999-F83A1425E346}.Debug|x86.ActiveCfg = Debug|Any CPU
		{DE28FE05-DE63-49E1-8999-F83A1425E346}.Debug|x86.Build.0 = Debug|Any CPU
		{DE28FE05-DE63-49E1-8999-F83A1425E346}.Release|Any CPU.ActiveCfg = Release|Any CPU
		{DE28FE05-DE63-49E1-8999-F83A1425E346}.Release|Any CPU.Build.0 = Release|Any CPU
		{DE28FE05-DE63-49E1-8999-F83A1425E346}.Release|x64.ActiveCfg = Release|Any CPU
		{DE28FE05-DE63-49E1-8999-F83A1425E346}.Release|x64.Build.0 = Release|Any CPU
		{DE28FE05-DE63-49E1-8999-F83A1425E346}.Release|x86.ActiveCfg = Release|Any CPU
		{DE28FE05-DE63-49E1-8999-F83A1425E346}.Release|x86.Build.0 = Release|Any CPU
		{160CFE0E-D1F2-4D3F-B04D-B70EC75824FE}.Debug|Any CPU.ActiveCfg = Debug|Any CPU
		{160CFE0E-D1F2-4D3F-B04D-B70EC75824FE}.Debug|Any CPU.Build.0 = Debug|Any CPU
		{160CFE0E-D1F2-4D3F-B04D-B70EC75824FE}.Debug|x64.ActiveCfg = Debug|Any CPU
		{160CFE0E-D1F2-4D3F-B04D-B70EC75824FE}.Debug|x64.Build.0 = Debug|Any CPU
		{160CFE0E-D1F2-4D3F-B04D-B70EC75824FE}.Debug|x86.ActiveCfg = Debug|Any CPU
		{160CFE0E-D1F2-4D3F-B04D-B70EC75824FE}.Debug|x86.Build.0 = Debug|Any CPU
		{160CFE0E-D1F2-4D3F-B04D-B70EC75824FE}.Release|Any CPU.ActiveCfg = Release|Any CPU
		{160CFE0E-D1F2-4D3F-B04D-B70EC75824FE}.Release|Any CPU.Build.0 = Release|Any CPU
		{160CFE0E-D1F2-4D3F-B04D-B70EC75824FE}.Release|x64.ActiveCfg = Release|Any CPU
		{160CFE0E-D1F2-4D3F-B04D-B70EC75824FE}.Release|x64.Build.0 = Release|Any CPU
		{160CFE0E-D1F2-4D3F-B04D-B70EC75824FE}.Release|x86.ActiveCfg = Release|Any CPU
		{160CFE0E-D1F2-4D3F-B04D-B70EC75824FE}.Release|x86.Build.0 = Release|Any CPU
		{2D48D725-96E8-43BC-8181-3C3BEF337DE7}.Debug|Any CPU.ActiveCfg = Debug|Any CPU
		{2D48D725-96E8-43BC-8181-3C3BEF337DE7}.Debug|Any CPU.Build.0 = Debug|Any CPU
		{2D48D725-96E8-43BC-8181-3C3BEF337DE7}.Debug|x64.ActiveCfg = Debug|Any CPU
		{2D48D725-96E8-43BC-8181-3C3BEF337DE7}.Debug|x64.Build.0 = Debug|Any CPU
		{2D48D725-96E8-43BC-8181-3C3BEF337DE7}.Debug|x86.ActiveCfg = Debug|Any CPU
		{2D48D725-96E8-43BC-8181-3C3BEF337DE7}.Debug|x86.Build.0 = Debug|Any CPU
		{2D48D725-96E8-43BC-8181-3C3BEF337DE7}.Release|Any CPU.ActiveCfg = Release|Any CPU
		{2D48D725-96E8-43BC-8181-3C3BEF337DE7}.Release|Any CPU.Build.0 = Release|Any CPU
		{2D48D725-96E8-43BC-8181-3C3BEF337DE7}.Release|x64.ActiveCfg = Release|Any CPU
		{2D48D725-96E8-43BC-8181-3C3BEF337DE7}.Release|x64.Build.0 = Release|Any CPU
		{2D48D725-96E8-43BC-8181-3C3BEF337DE7}.Release|x86.ActiveCfg = Release|Any CPU
		{2D48D725-96E8-43BC-8181-3C3BEF337DE7}.Release|x86.Build.0 = Release|Any CPU
		{D455EB87-D4D8-4A2D-A7B9-8E9B9D785494}.Debug|Any CPU.ActiveCfg = Debug|Any CPU
		{D455EB87-D4D8-4A2D-A7B9-8E9B9D785494}.Debug|Any CPU.Build.0 = Debug|Any CPU
		{D455EB87-D4D8-4A2D-A7B9-8E9B9D785494}.Debug|x64.ActiveCfg = Debug|Any CPU
		{D455EB87-D4D8-4A2D-A7B9-8E9B9D785494}.Debug|x64.Build.0 = Debug|Any CPU
		{D455EB87-D4D8-4A2D-A7B9-8E9B9D785494}.Debug|x86.ActiveCfg = Debug|Any CPU
		{D455EB87-D4D8-4A2D-A7B9-8E9B9D785494}.Debug|x86.Build.0 = Debug|Any CPU
		{D455EB87-D4D8-4A2D-A7B9-8E9B9D785494}.Release|Any CPU.ActiveCfg = Release|Any CPU
		{D455EB87-D4D8-4A2D-A7B9-8E9B9D785494}.Release|Any CPU.Build.0 = Release|Any CPU
		{D455EB87-D4D8-4A2D-A7B9-8E9B9D785494}.Release|x64.ActiveCfg = Release|Any CPU
		{D455EB87-D4D8-4A2D-A7B9-8E9B9D785494}.Release|x64.Build.0 = Release|Any CPU
		{D455EB87-D4D8-4A2D-A7B9-8E9B9D785494}.Release|x86.ActiveCfg = Release|Any CPU
		{D455EB87-D4D8-4A2D-A7B9-8E9B9D785494}.Release|x86.Build.0 = Release|Any CPU
		{75F97713-BD1E-443F-8391-62D0916AEBF3}.Debug|Any CPU.ActiveCfg = Debug|Any CPU
		{75F97713-BD1E-443F-8391-62D0916AEBF3}.Debug|Any CPU.Build.0 = Debug|Any CPU
		{75F97713-BD1E-443F-8391-62D0916AEBF3}.Debug|x64.ActiveCfg = Debug|Any CPU
		{75F97713-BD1E-443F-8391-62D0916AEBF3}.Debug|x64.Build.0 = Debug|Any CPU
		{75F97713-BD1E-443F-8391-62D0916AEBF3}.Debug|x86.ActiveCfg = Debug|Any CPU
		{75F97713-BD1E-443F-8391-62D0916AEBF3}.Debug|x86.Build.0 = Debug|Any CPU
		{75F97713-BD1E-443F-8391-62D0916AEBF3}.Release|Any CPU.ActiveCfg = Release|Any CPU
		{75F97713-BD1E-443F-8391-62D0916AEBF3}.Release|Any CPU.Build.0 = Release|Any CPU
		{75F97713-BD1E-443F-8391-62D0916AEBF3}.Release|x64.ActiveCfg = Release|Any CPU
		{75F97713-BD1E-443F-8391-62D0916AEBF3}.Release|x64.Build.0 = Release|Any CPU
		{75F97713-BD1E-443F-8391-62D0916AEBF3}.Release|x86.ActiveCfg = Release|Any CPU
		{75F97713-BD1E-443F-8391-62D0916AEBF3}.Release|x86.Build.0 = Release|Any CPU
		{42D2180B-47C2-4BD8-AAA2-E328DC9CFE41}.Debug|Any CPU.ActiveCfg = Debug|Any CPU
		{42D2180B-47C2-4BD8-AAA2-E328DC9CFE41}.Debug|Any CPU.Build.0 = Debug|Any CPU
		{42D2180B-47C2-4BD8-AAA2-E328DC9CFE41}.Debug|x64.ActiveCfg = Debug|Any CPU
		{42D2180B-47C2-4BD8-AAA2-E328DC9CFE41}.Debug|x64.Build.0 = Debug|Any CPU
		{42D2180B-47C2-4BD8-AAA2-E328DC9CFE41}.Debug|x86.ActiveCfg = Debug|Any CPU
		{42D2180B-47C2-4BD8-AAA2-E328DC9CFE41}.Debug|x86.Build.0 = Debug|Any CPU
		{42D2180B-47C2-4BD8-AAA2-E328DC9CFE41}.Release|Any CPU.ActiveCfg = Release|Any CPU
		{42D2180B-47C2-4BD8-AAA2-E328DC9CFE41}.Release|Any CPU.Build.0 = Release|Any CPU
		{42D2180B-47C2-4BD8-AAA2-E328DC9CFE41}.Release|x64.ActiveCfg = Release|Any CPU
		{42D2180B-47C2-4BD8-AAA2-E328DC9CFE41}.Release|x64.Build.0 = Release|Any CPU
		{42D2180B-47C2-4BD8-AAA2-E328DC9CFE41}.Release|x86.ActiveCfg = Release|Any CPU
		{42D2180B-47C2-4BD8-AAA2-E328DC9CFE41}.Release|x86.Build.0 = Release|Any CPU
		{2513D214-7054-45DA-8E84-CFB6067F721B}.Debug|Any CPU.ActiveCfg = Debug|Any CPU
		{2513D214-7054-45DA-8E84-CFB6067F721B}.Debug|Any CPU.Build.0 = Debug|Any CPU
		{2513D214-7054-45DA-8E84-CFB6067F721B}.Debug|x64.ActiveCfg = Debug|Any CPU
		{2513D214-7054-45DA-8E84-CFB6067F721B}.Debug|x64.Build.0 = Debug|Any CPU
		{2513D214-7054-45DA-8E84-CFB6067F721B}.Debug|x86.ActiveCfg = Debug|Any CPU
		{2513D214-7054-45DA-8E84-CFB6067F721B}.Debug|x86.Build.0 = Debug|Any CPU
		{2513D214-7054-45DA-8E84-CFB6067F721B}.Release|Any CPU.ActiveCfg = Release|Any CPU
		{2513D214-7054-45DA-8E84-CFB6067F721B}.Release|Any CPU.Build.0 = Release|Any CPU
		{2513D214-7054-45DA-8E84-CFB6067F721B}.Release|x64.ActiveCfg = Release|Any CPU
		{2513D214-7054-45DA-8E84-CFB6067F721B}.Release|x64.Build.0 = Release|Any CPU
		{2513D214-7054-45DA-8E84-CFB6067F721B}.Release|x86.ActiveCfg = Release|Any CPU
		{2513D214-7054-45DA-8E84-CFB6067F721B}.Release|x86.Build.0 = Release|Any CPU
		{EFB3679C-05D6-4B21-8856-34C1FF2E06F5}.Debug|Any CPU.ActiveCfg = Debug|Any CPU
		{EFB3679C-05D6-4B21-8856-34C1FF2E06F5}.Debug|Any CPU.Build.0 = Debug|Any CPU
		{EFB3679C-05D6-4B21-8856-34C1FF2E06F5}.Debug|x64.ActiveCfg = Debug|Any CPU
		{EFB3679C-05D6-4B21-8856-34C1FF2E06F5}.Debug|x64.Build.0 = Debug|Any CPU
		{EFB3679C-05D6-4B21-8856-34C1FF2E06F5}.Debug|x86.ActiveCfg = Debug|Any CPU
		{EFB3679C-05D6-4B21-8856-34C1FF2E06F5}.Debug|x86.Build.0 = Debug|Any CPU
		{EFB3679C-05D6-4B21-8856-34C1FF2E06F5}.Release|Any CPU.ActiveCfg = Release|Any CPU
		{EFB3679C-05D6-4B21-8856-34C1FF2E06F5}.Release|Any CPU.Build.0 = Release|Any CPU
		{EFB3679C-05D6-4B21-8856-34C1FF2E06F5}.Release|x64.ActiveCfg = Release|Any CPU
		{EFB3679C-05D6-4B21-8856-34C1FF2E06F5}.Release|x64.Build.0 = Release|Any CPU
		{EFB3679C-05D6-4B21-8856-34C1FF2E06F5}.Release|x86.ActiveCfg = Release|Any CPU
		{EFB3679C-05D6-4B21-8856-34C1FF2E06F5}.Release|x86.Build.0 = Release|Any CPU
		{551F504F-91C6-43B7-A2F5-B63F3899B4BF}.Debug|Any CPU.ActiveCfg = Debug|Any CPU
		{551F504F-91C6-43B7-A2F5-B63F3899B4BF}.Debug|Any CPU.Build.0 = Debug|Any CPU
		{551F504F-91C6-43B7-A2F5-B63F3899B4BF}.Debug|x64.ActiveCfg = Debug|Any CPU
		{551F504F-91C6-43B7-A2F5-B63F3899B4BF}.Debug|x64.Build.0 = Debug|Any CPU
		{551F504F-91C6-43B7-A2F5-B63F3899B4BF}.Debug|x86.ActiveCfg = Debug|Any CPU
		{551F504F-91C6-43B7-A2F5-B63F3899B4BF}.Debug|x86.Build.0 = Debug|Any CPU
		{551F504F-91C6-43B7-A2F5-B63F3899B4BF}.Release|Any CPU.ActiveCfg = Release|Any CPU
		{551F504F-91C6-43B7-A2F5-B63F3899B4BF}.Release|Any CPU.Build.0 = Release|Any CPU
		{551F504F-91C6-43B7-A2F5-B63F3899B4BF}.Release|x64.ActiveCfg = Release|Any CPU
		{551F504F-91C6-43B7-A2F5-B63F3899B4BF}.Release|x64.Build.0 = Release|Any CPU
		{551F504F-91C6-43B7-A2F5-B63F3899B4BF}.Release|x86.ActiveCfg = Release|Any CPU
		{551F504F-91C6-43B7-A2F5-B63F3899B4BF}.Release|x86.Build.0 = Release|Any CPU
		{AA759F20-4BD2-4B93-9B76-D1141483A470}.Debug|Any CPU.ActiveCfg = Debug|Any CPU
		{AA759F20-4BD2-4B93-9B76-D1141483A470}.Debug|Any CPU.Build.0 = Debug|Any CPU
		{AA759F20-4BD2-4B93-9B76-D1141483A470}.Debug|x64.ActiveCfg = Debug|Any CPU
		{AA759F20-4BD2-4B93-9B76-D1141483A470}.Debug|x64.Build.0 = Debug|Any CPU
		{AA759F20-4BD2-4B93-9B76-D1141483A470}.Debug|x86.ActiveCfg = Debug|Any CPU
		{AA759F20-4BD2-4B93-9B76-D1141483A470}.Debug|x86.Build.0 = Debug|Any CPU
		{AA759F20-4BD2-4B93-9B76-D1141483A470}.Release|Any CPU.ActiveCfg = Release|Any CPU
		{AA759F20-4BD2-4B93-9B76-D1141483A470}.Release|Any CPU.Build.0 = Release|Any CPU
		{AA759F20-4BD2-4B93-9B76-D1141483A470}.Release|x64.ActiveCfg = Release|Any CPU
		{AA759F20-4BD2-4B93-9B76-D1141483A470}.Release|x64.Build.0 = Release|Any CPU
		{AA759F20-4BD2-4B93-9B76-D1141483A470}.Release|x86.ActiveCfg = Release|Any CPU
		{AA759F20-4BD2-4B93-9B76-D1141483A470}.Release|x86.Build.0 = Release|Any CPU
		{89E54390-F0FB-4746-B987-DE7D41D4B7D4}.Debug|Any CPU.ActiveCfg = Debug|Any CPU
		{89E54390-F0FB-4746-B987-DE7D41D4B7D4}.Debug|Any CPU.Build.0 = Debug|Any CPU
		{89E54390-F0FB-4746-B987-DE7D41D4B7D4}.Debug|x64.ActiveCfg = Debug|Any CPU
		{89E54390-F0FB-4746-B987-DE7D41D4B7D4}.Debug|x64.Build.0 = Debug|Any CPU
		{89E54390-F0FB-4746-B987-DE7D41D4B7D4}.Debug|x86.ActiveCfg = Debug|Any CPU
		{89E54390-F0FB-4746-B987-DE7D41D4B7D4}.Debug|x86.Build.0 = Debug|Any CPU
		{89E54390-F0FB-4746-B987-DE7D41D4B7D4}.Release|Any CPU.ActiveCfg = Release|Any CPU
		{89E54390-F0FB-4746-B987-DE7D41D4B7D4}.Release|Any CPU.Build.0 = Release|Any CPU
		{89E54390-F0FB-4746-B987-DE7D41D4B7D4}.Release|x64.ActiveCfg = Release|Any CPU
		{89E54390-F0FB-4746-B987-DE7D41D4B7D4}.Release|x64.Build.0 = Release|Any CPU
		{89E54390-F0FB-4746-B987-DE7D41D4B7D4}.Release|x86.ActiveCfg = Release|Any CPU
		{89E54390-F0FB-4746-B987-DE7D41D4B7D4}.Release|x86.Build.0 = Release|Any CPU
		{202D438A-8B21-425B-A85B-370DCC3EDABB}.Debug|Any CPU.ActiveCfg = Debug|Any CPU
		{202D438A-8B21-425B-A85B-370DCC3EDABB}.Debug|Any CPU.Build.0 = Debug|Any CPU
		{202D438A-8B21-425B-A85B-370DCC3EDABB}.Debug|x64.ActiveCfg = Debug|Any CPU
		{202D438A-8B21-425B-A85B-370DCC3EDABB}.Debug|x64.Build.0 = Debug|Any CPU
		{202D438A-8B21-425B-A85B-370DCC3EDABB}.Debug|x86.ActiveCfg = Debug|Any CPU
		{202D438A-8B21-425B-A85B-370DCC3EDABB}.Debug|x86.Build.0 = Debug|Any CPU
		{202D438A-8B21-425B-A85B-370DCC3EDABB}.Release|Any CPU.ActiveCfg = Release|Any CPU
		{202D438A-8B21-425B-A85B-370DCC3EDABB}.Release|Any CPU.Build.0 = Release|Any CPU
		{202D438A-8B21-425B-A85B-370DCC3EDABB}.Release|x64.ActiveCfg = Release|Any CPU
		{202D438A-8B21-425B-A85B-370DCC3EDABB}.Release|x64.Build.0 = Release|Any CPU
		{202D438A-8B21-425B-A85B-370DCC3EDABB}.Release|x86.ActiveCfg = Release|Any CPU
		{202D438A-8B21-425B-A85B-370DCC3EDABB}.Release|x86.Build.0 = Release|Any CPU
		{01211F5D-8DB6-4366-A7BE-E9267F249410}.Debug|Any CPU.ActiveCfg = Debug|Any CPU
		{01211F5D-8DB6-4366-A7BE-E9267F249410}.Debug|Any CPU.Build.0 = Debug|Any CPU
		{01211F5D-8DB6-4366-A7BE-E9267F249410}.Debug|x64.ActiveCfg = Debug|Any CPU
		{01211F5D-8DB6-4366-A7BE-E9267F249410}.Debug|x64.Build.0 = Debug|Any CPU
		{01211F5D-8DB6-4366-A7BE-E9267F249410}.Debug|x86.ActiveCfg = Debug|Any CPU
		{01211F5D-8DB6-4366-A7BE-E9267F249410}.Debug|x86.Build.0 = Debug|Any CPU
		{01211F5D-8DB6-4366-A7BE-E9267F249410}.Release|Any CPU.ActiveCfg = Release|Any CPU
		{01211F5D-8DB6-4366-A7BE-E9267F249410}.Release|Any CPU.Build.0 = Release|Any CPU
		{01211F5D-8DB6-4366-A7BE-E9267F249410}.Release|x64.ActiveCfg = Release|Any CPU
		{01211F5D-8DB6-4366-A7BE-E9267F249410}.Release|x64.Build.0 = Release|Any CPU
		{01211F5D-8DB6-4366-A7BE-E9267F249410}.Release|x86.ActiveCfg = Release|Any CPU
		{01211F5D-8DB6-4366-A7BE-E9267F249410}.Release|x86.Build.0 = Release|Any CPU
		{4154F5D0-9ED5-4421-B500-98CC9ECAE036}.Debug|Any CPU.ActiveCfg = Debug|Any CPU
		{4154F5D0-9ED5-4421-B500-98CC9ECAE036}.Debug|Any CPU.Build.0 = Debug|Any CPU
		{4154F5D0-9ED5-4421-B500-98CC9ECAE036}.Debug|x64.ActiveCfg = Debug|Any CPU
		{4154F5D0-9ED5-4421-B500-98CC9ECAE036}.Debug|x64.Build.0 = Debug|Any CPU
		{4154F5D0-9ED5-4421-B500-98CC9ECAE036}.Debug|x86.ActiveCfg = Debug|Any CPU
		{4154F5D0-9ED5-4421-B500-98CC9ECAE036}.Debug|x86.Build.0 = Debug|Any CPU
		{4154F5D0-9ED5-4421-B500-98CC9ECAE036}.Release|Any CPU.ActiveCfg = Release|Any CPU
		{4154F5D0-9ED5-4421-B500-98CC9ECAE036}.Release|Any CPU.Build.0 = Release|Any CPU
		{4154F5D0-9ED5-4421-B500-98CC9ECAE036}.Release|x64.ActiveCfg = Release|Any CPU
		{4154F5D0-9ED5-4421-B500-98CC9ECAE036}.Release|x64.Build.0 = Release|Any CPU
		{4154F5D0-9ED5-4421-B500-98CC9ECAE036}.Release|x86.ActiveCfg = Release|Any CPU
		{4154F5D0-9ED5-4421-B500-98CC9ECAE036}.Release|x86.Build.0 = Release|Any CPU
		{1B67BCBD-8423-4462-BA3E-FA5DADE2F28F}.Debug|Any CPU.ActiveCfg = Debug|Any CPU
		{1B67BCBD-8423-4462-BA3E-FA5DADE2F28F}.Debug|Any CPU.Build.0 = Debug|Any CPU
		{1B67BCBD-8423-4462-BA3E-FA5DADE2F28F}.Debug|x64.ActiveCfg = Debug|Any CPU
		{1B67BCBD-8423-4462-BA3E-FA5DADE2F28F}.Debug|x64.Build.0 = Debug|Any CPU
		{1B67BCBD-8423-4462-BA3E-FA5DADE2F28F}.Debug|x86.ActiveCfg = Debug|Any CPU
		{1B67BCBD-8423-4462-BA3E-FA5DADE2F28F}.Debug|x86.Build.0 = Debug|Any CPU
		{1B67BCBD-8423-4462-BA3E-FA5DADE2F28F}.Release|Any CPU.ActiveCfg = Release|Any CPU
		{1B67BCBD-8423-4462-BA3E-FA5DADE2F28F}.Release|Any CPU.Build.0 = Release|Any CPU
		{1B67BCBD-8423-4462-BA3E-FA5DADE2F28F}.Release|x64.ActiveCfg = Release|Any CPU
		{1B67BCBD-8423-4462-BA3E-FA5DADE2F28F}.Release|x64.Build.0 = Release|Any CPU
		{1B67BCBD-8423-4462-BA3E-FA5DADE2F28F}.Release|x86.ActiveCfg = Release|Any CPU
		{1B67BCBD-8423-4462-BA3E-FA5DADE2F28F}.Release|x86.Build.0 = Release|Any CPU
		{E272E46C-ACE4-447A-8594-C7F251ED4A6B}.Debug|Any CPU.ActiveCfg = Debug|Any CPU
		{E272E46C-ACE4-447A-8594-C7F251ED4A6B}.Debug|Any CPU.Build.0 = Debug|Any CPU
		{E272E46C-ACE4-447A-8594-C7F251ED4A6B}.Debug|x64.ActiveCfg = Debug|Any CPU
		{E272E46C-ACE4-447A-8594-C7F251ED4A6B}.Debug|x64.Build.0 = Debug|Any CPU
		{E272E46C-ACE4-447A-8594-C7F251ED4A6B}.Debug|x86.ActiveCfg = Debug|Any CPU
		{E272E46C-ACE4-447A-8594-C7F251ED4A6B}.Debug|x86.Build.0 = Debug|Any CPU
		{E272E46C-ACE4-447A-8594-C7F251ED4A6B}.Release|Any CPU.ActiveCfg = Release|Any CPU
		{E272E46C-ACE4-447A-8594-C7F251ED4A6B}.Release|Any CPU.Build.0 = Release|Any CPU
		{E272E46C-ACE4-447A-8594-C7F251ED4A6B}.Release|x64.ActiveCfg = Release|Any CPU
		{E272E46C-ACE4-447A-8594-C7F251ED4A6B}.Release|x64.Build.0 = Release|Any CPU
		{E272E46C-ACE4-447A-8594-C7F251ED4A6B}.Release|x86.ActiveCfg = Release|Any CPU
		{E272E46C-ACE4-447A-8594-C7F251ED4A6B}.Release|x86.Build.0 = Release|Any CPU
		{B223F0BA-E671-4A7C-ABFB-DD1D7C4E94AB}.Debug|Any CPU.ActiveCfg = Debug|Any CPU
		{B223F0BA-E671-4A7C-ABFB-DD1D7C4E94AB}.Debug|Any CPU.Build.0 = Debug|Any CPU
		{B223F0BA-E671-4A7C-ABFB-DD1D7C4E94AB}.Debug|x64.ActiveCfg = Debug|Any CPU
		{B223F0BA-E671-4A7C-ABFB-DD1D7C4E94AB}.Debug|x64.Build.0 = Debug|Any CPU
		{B223F0BA-E671-4A7C-ABFB-DD1D7C4E94AB}.Debug|x86.ActiveCfg = Debug|Any CPU
		{B223F0BA-E671-4A7C-ABFB-DD1D7C4E94AB}.Debug|x86.Build.0 = Debug|Any CPU
		{B223F0BA-E671-4A7C-ABFB-DD1D7C4E94AB}.Release|Any CPU.ActiveCfg = Release|Any CPU
		{B223F0BA-E671-4A7C-ABFB-DD1D7C4E94AB}.Release|Any CPU.Build.0 = Release|Any CPU
		{B223F0BA-E671-4A7C-ABFB-DD1D7C4E94AB}.Release|x64.ActiveCfg = Release|Any CPU
		{B223F0BA-E671-4A7C-ABFB-DD1D7C4E94AB}.Release|x64.Build.0 = Release|Any CPU
		{B223F0BA-E671-4A7C-ABFB-DD1D7C4E94AB}.Release|x86.ActiveCfg = Release|Any CPU
		{B223F0BA-E671-4A7C-ABFB-DD1D7C4E94AB}.Release|x86.Build.0 = Release|Any CPU
		{9BF5F818-98EC-46A4-8755-E156F779DC65}.Debug|Any CPU.ActiveCfg = Debug|Any CPU
		{9BF5F818-98EC-46A4-8755-E156F779DC65}.Debug|Any CPU.Build.0 = Debug|Any CPU
		{9BF5F818-98EC-46A4-8755-E156F779DC65}.Debug|x64.ActiveCfg = Debug|Any CPU
		{9BF5F818-98EC-46A4-8755-E156F779DC65}.Debug|x64.Build.0 = Debug|Any CPU
		{9BF5F818-98EC-46A4-8755-E156F779DC65}.Debug|x86.ActiveCfg = Debug|Any CPU
		{9BF5F818-98EC-46A4-8755-E156F779DC65}.Debug|x86.Build.0 = Debug|Any CPU
		{9BF5F818-98EC-46A4-8755-E156F779DC65}.Release|Any CPU.ActiveCfg = Release|Any CPU
		{9BF5F818-98EC-46A4-8755-E156F779DC65}.Release|Any CPU.Build.0 = Release|Any CPU
		{9BF5F818-98EC-46A4-8755-E156F779DC65}.Release|x64.ActiveCfg = Release|Any CPU
		{9BF5F818-98EC-46A4-8755-E156F779DC65}.Release|x64.Build.0 = Release|Any CPU
		{9BF5F818-98EC-46A4-8755-E156F779DC65}.Release|x86.ActiveCfg = Release|Any CPU
		{9BF5F818-98EC-46A4-8755-E156F779DC65}.Release|x86.Build.0 = Release|Any CPU
		{42239163-F071-4D88-AC0F-145FF5DA518A}.Debug|Any CPU.ActiveCfg = Debug|Any CPU
		{42239163-F071-4D88-AC0F-145FF5DA518A}.Debug|Any CPU.Build.0 = Debug|Any CPU
		{42239163-F071-4D88-AC0F-145FF5DA518A}.Debug|x64.ActiveCfg = Debug|Any CPU
		{42239163-F071-4D88-AC0F-145FF5DA518A}.Debug|x64.Build.0 = Debug|Any CPU
		{42239163-F071-4D88-AC0F-145FF5DA518A}.Debug|x86.ActiveCfg = Debug|Any CPU
		{42239163-F071-4D88-AC0F-145FF5DA518A}.Debug|x86.Build.0 = Debug|Any CPU
		{42239163-F071-4D88-AC0F-145FF5DA518A}.Release|Any CPU.ActiveCfg = Release|Any CPU
		{42239163-F071-4D88-AC0F-145FF5DA518A}.Release|Any CPU.Build.0 = Release|Any CPU
		{42239163-F071-4D88-AC0F-145FF5DA518A}.Release|x64.ActiveCfg = Release|Any CPU
		{42239163-F071-4D88-AC0F-145FF5DA518A}.Release|x64.Build.0 = Release|Any CPU
		{42239163-F071-4D88-AC0F-145FF5DA518A}.Release|x86.ActiveCfg = Release|Any CPU
		{42239163-F071-4D88-AC0F-145FF5DA518A}.Release|x86.Build.0 = Release|Any CPU
		{61016497-A03D-4390-B18B-2B4F8CC058DE}.Debug|Any CPU.ActiveCfg = Debug|Any CPU
		{61016497-A03D-4390-B18B-2B4F8CC058DE}.Debug|Any CPU.Build.0 = Debug|Any CPU
		{61016497-A03D-4390-B18B-2B4F8CC058DE}.Debug|x64.ActiveCfg = Debug|Any CPU
		{61016497-A03D-4390-B18B-2B4F8CC058DE}.Debug|x64.Build.0 = Debug|Any CPU
		{61016497-A03D-4390-B18B-2B4F8CC058DE}.Debug|x86.ActiveCfg = Debug|Any CPU
		{61016497-A03D-4390-B18B-2B4F8CC058DE}.Debug|x86.Build.0 = Debug|Any CPU
		{61016497-A03D-4390-B18B-2B4F8CC058DE}.Release|Any CPU.ActiveCfg = Release|Any CPU
		{61016497-A03D-4390-B18B-2B4F8CC058DE}.Release|Any CPU.Build.0 = Release|Any CPU
		{61016497-A03D-4390-B18B-2B4F8CC058DE}.Release|x64.ActiveCfg = Release|Any CPU
		{61016497-A03D-4390-B18B-2B4F8CC058DE}.Release|x64.Build.0 = Release|Any CPU
		{61016497-A03D-4390-B18B-2B4F8CC058DE}.Release|x86.ActiveCfg = Release|Any CPU
		{61016497-A03D-4390-B18B-2B4F8CC058DE}.Release|x86.Build.0 = Release|Any CPU
		{812FCC8E-A539-455E-ADB8-166DFCA870E0}.Debug|Any CPU.ActiveCfg = Debug|Any CPU
		{812FCC8E-A539-455E-ADB8-166DFCA870E0}.Debug|Any CPU.Build.0 = Debug|Any CPU
		{812FCC8E-A539-455E-ADB8-166DFCA870E0}.Debug|x64.ActiveCfg = Debug|Any CPU
		{812FCC8E-A539-455E-ADB8-166DFCA870E0}.Debug|x64.Build.0 = Debug|Any CPU
		{812FCC8E-A539-455E-ADB8-166DFCA870E0}.Debug|x86.ActiveCfg = Debug|Any CPU
		{812FCC8E-A539-455E-ADB8-166DFCA870E0}.Debug|x86.Build.0 = Debug|Any CPU
		{812FCC8E-A539-455E-ADB8-166DFCA870E0}.Release|Any CPU.ActiveCfg = Release|Any CPU
		{812FCC8E-A539-455E-ADB8-166DFCA870E0}.Release|Any CPU.Build.0 = Release|Any CPU
		{812FCC8E-A539-455E-ADB8-166DFCA870E0}.Release|x64.ActiveCfg = Release|Any CPU
		{812FCC8E-A539-455E-ADB8-166DFCA870E0}.Release|x64.Build.0 = Release|Any CPU
		{812FCC8E-A539-455E-ADB8-166DFCA870E0}.Release|x86.ActiveCfg = Release|Any CPU
		{812FCC8E-A539-455E-ADB8-166DFCA870E0}.Release|x86.Build.0 = Release|Any CPU
	EndGlobalSection
	GlobalSection(SolutionProperties) = preSolution
		HideSolutionNode = FALSE
	EndGlobalSection
	GlobalSection(NestedProjects) = preSolution
		{26484641-1353-4549-BBED-AAD3F794BB7C} = {827E0CD3-B72D-47B6-A68D-7590B98EB39B}
		{6D5E85AD-BEC6-4848-86FA-0512B2F1DEA8} = {827E0CD3-B72D-47B6-A68D-7590B98EB39B}
		{E2C2BFD4-CA9D-44B8-89AB-35F1C9FB532B} = {827E0CD3-B72D-47B6-A68D-7590B98EB39B}
		{41915CA7-8D5C-4F43-81D8-51F2E1CD7412} = {827E0CD3-B72D-47B6-A68D-7590B98EB39B}
		{B19ED3D2-BA64-4050-A3F4-E391E82360AA} = {827E0CD3-B72D-47B6-A68D-7590B98EB39B}
		{E9BB9DFA-7861-412D-A755-C23514386F0C} = {827E0CD3-B72D-47B6-A68D-7590B98EB39B}
		{54B8A29A-29CC-4FF0-B135-A05D244F62FE} = {827E0CD3-B72D-47B6-A68D-7590B98EB39B}
		{6DA39C5A-5F8F-44E3-AD00-06F902EAEB52} = {827E0CD3-B72D-47B6-A68D-7590B98EB39B}
		{DE28FE05-DE63-49E1-8999-F83A1425E346} = {827E0CD3-B72D-47B6-A68D-7590B98EB39B}
		{160CFE0E-D1F2-4D3F-B04D-B70EC75824FE} = {827E0CD3-B72D-47B6-A68D-7590B98EB39B}
		{2D48D725-96E8-43BC-8181-3C3BEF337DE7} = {827E0CD3-B72D-47B6-A68D-7590B98EB39B}
		{D455EB87-D4D8-4A2D-A7B9-8E9B9D785494} = {827E0CD3-B72D-47B6-A68D-7590B98EB39B}
		{75F97713-BD1E-443F-8391-62D0916AEBF3} = {827E0CD3-B72D-47B6-A68D-7590B98EB39B}
		{42D2180B-47C2-4BD8-AAA2-E328DC9CFE41} = {827E0CD3-B72D-47B6-A68D-7590B98EB39B}
		{2513D214-7054-45DA-8E84-CFB6067F721B} = {827E0CD3-B72D-47B6-A68D-7590B98EB39B}
		{EFB3679C-05D6-4B21-8856-34C1FF2E06F5} = {827E0CD3-B72D-47B6-A68D-7590B98EB39B}
		{551F504F-91C6-43B7-A2F5-B63F3899B4BF} = {3F0DE870-D9C8-48B2-99B3-0C6523901E16}
		{AA759F20-4BD2-4B93-9B76-D1141483A470} = {3F0DE870-D9C8-48B2-99B3-0C6523901E16}
		{89E54390-F0FB-4746-B987-DE7D41D4B7D4} = {3F0DE870-D9C8-48B2-99B3-0C6523901E16}
		{202D438A-8B21-425B-A85B-370DCC3EDABB} = {3F0DE870-D9C8-48B2-99B3-0C6523901E16}
		{01211F5D-8DB6-4366-A7BE-E9267F249410} = {3F0DE870-D9C8-48B2-99B3-0C6523901E16}
		{4154F5D0-9ED5-4421-B500-98CC9ECAE036} = {3F0DE870-D9C8-48B2-99B3-0C6523901E16}
		{1B67BCBD-8423-4462-BA3E-FA5DADE2F28F} = {3F0DE870-D9C8-48B2-99B3-0C6523901E16}
		{E272E46C-ACE4-447A-8594-C7F251ED4A6B} = {3F0DE870-D9C8-48B2-99B3-0C6523901E16}
		{B223F0BA-E671-4A7C-ABFB-DD1D7C4E94AB} = {827E0CD3-B72D-47B6-A68D-7590B98EB39B}
		{9BF5F818-98EC-46A4-8755-E156F779DC65} = {3F0DE870-D9C8-48B2-99B3-0C6523901E16}
		{42239163-F071-4D88-AC0F-145FF5DA518A} = {827E0CD3-B72D-47B6-A68D-7590B98EB39B}
		{61016497-A03D-4390-B18B-2B4F8CC058DE} = {3F0DE870-D9C8-48B2-99B3-0C6523901E16}
		{812FCC8E-A539-455E-ADB8-166DFCA870E0} = {3F0DE870-D9C8-48B2-99B3-0C6523901E16}
	EndGlobalSection
EndGlobal
